
Microsoft Visual Studio Solution File, Format Version 12.00
# Visual Studio 15
VisualStudioVersion = 15.0.28307.438
MinimumVisualStudioVersion = 10.0.40219.1
Project("{FAE04EC0-301F-11D3-BF4B-00C04F79EFBC}") = "map.Android", "map\map.Android\map.Android.csproj", "{0CE0B665-C221-4380-A29B-373BBCD8C3CD}"
EndProject
Project("{FAE04EC0-301F-11D3-BF4B-00C04F79EFBC}") = "map.UWP", "map\map.UWP\map.UWP.csproj", "{11861877-7F6B-4566-8B82-ABB5452D5069}"
EndProject
Project("{FAE04EC0-301F-11D3-BF4B-00C04F79EFBC}") = "map", "map\map\map.csproj", "{33A4C60E-C55B-41FE-890B-E9D19452A971}"
EndProject
Global
	GlobalSection(SolutionConfigurationPlatforms) = preSolution
		Debug|Any CPU = Debug|Any CPU
		Debug|ARM = Debug|ARM
		Debug|x64 = Debug|x64
		Debug|x86 = Debug|x86
		Release|Any CPU = Release|Any CPU
		Release|ARM = Release|ARM
		Release|x64 = Release|x64
		Release|x86 = Release|x86
	EndGlobalSection
	GlobalSection(ProjectConfigurationPlatforms) = postSolution
		{0CE0B665-C221-4380-A29B-373BBCD8C3CD}.Debug|Any CPU.ActiveCfg = Debug|Any CPU
		{0CE0B665-C221-4380-A29B-373BBCD8C3CD}.Debug|Any CPU.Build.0 = Debug|Any CPU
		{0CE0B665-C221-4380-A29B-373BBCD8C3CD}.Debug|Any CPU.Deploy.0 = Debug|Any CPU
		{0CE0B665-C221-4380-A29B-373BBCD8C3CD}.Debug|ARM.ActiveCfg = Debug|Any CPU
		{0CE0B665-C221-4380-A29B-373BBCD8C3CD}.Debug|ARM.Build.0 = Debug|Any CPU
		{0CE0B665-C221-4380-A29B-373BBCD8C3CD}.Debug|ARM.Deploy.0 = Debug|Any CPU
		{0CE0B665-C221-4380-A29B-373BBCD8C3CD}.Debug|x64.ActiveCfg = Debug|Any CPU
		{0CE0B665-C221-4380-A29B-373BBCD8C3CD}.Debug|x64.Build.0 = Debug|Any CPU
		{0CE0B665-C221-4380-A29B-373BBCD8C3CD}.Debug|x64.Deploy.0 = Debug|Any CPU
		{0CE0B665-C221-4380-A29B-373BBCD8C3CD}.Debug|x86.ActiveCfg = Debug|Any CPU
		{0CE0B665-C221-4380-A29B-373BBCD8C3CD}.Debug|x86.Build.0 = Debug|Any CPU
		{0CE0B665-C221-4380-A29B-373BBCD8C3CD}.Debug|x86.Deploy.0 = Debug|Any CPU
		{0CE0B665-C221-4380-A29B-373BBCD8C3CD}.Release|Any CPU.ActiveCfg = Release|Any CPU
		{0CE0B665-C221-4380-A29B-373BBCD8C3CD}.Release|Any CPU.Build.0 = Release|Any CPU
		{0CE0B665-C221-4380-A29B-373BBCD8C3CD}.Release|Any CPU.Deploy.0 = Release|Any CPU
		{0CE0B665-C221-4380-A29B-373BBCD8C3CD}.Release|ARM.ActiveCfg = Release|Any CPU
		{0CE0B665-C221-4380-A29B-373BBCD8C3CD}.Release|ARM.Build.0 = Release|Any CPU
		{0CE0B665-C221-4380-A29B-373BBCD8C3CD}.Release|ARM.Deploy.0 = Release|Any CPU
		{0CE0B665-C221-4380-A29B-373BBCD8C3CD}.Release|x64.ActiveCfg = Release|Any CPU
		{0CE0B665-C221-4380-A29B-373BBCD8C3CD}.Release|x64.Build.0 = Release|Any CPU
		{0CE0B665-C221-4380-A29B-373BBCD8C3CD}.Release|x64.Deploy.0 = Release|Any CPU
		{0CE0B665-C221-4380-A29B-373BBCD8C3CD}.Release|x86.ActiveCfg = Release|Any CPU
		{0CE0B665-C221-4380-A29B-373BBCD8C3CD}.Release|x86.Build.0 = Release|Any CPU
		{0CE0B665-C221-4380-A29B-373BBCD8C3CD}.Release|x86.Deploy.0 = Release|Any CPU
		{11861877-7F6B-4566-8B82-ABB5452D5069}.Debug|Any CPU.ActiveCfg = Debug|x86
		{11861877-7F6B-4566-8B82-ABB5452D5069}.Debug|Any CPU.Build.0 = Debug|x86
		{11861877-7F6B-4566-8B82-ABB5452D5069}.Debug|Any CPU.Deploy.0 = Debug|x86
		{11861877-7F6B-4566-8B82-ABB5452D5069}.Debug|ARM.ActiveCfg = Debug|ARM
		{11861877-7F6B-4566-8B82-ABB5452D5069}.Debug|ARM.Build.0 = Debug|ARM
		{11861877-7F6B-4566-8B82-ABB5452D5069}.Debug|ARM.Deploy.0 = Debug|ARM
		{11861877-7F6B-4566-8B82-ABB5452D5069}.Debug|x64.ActiveCfg = Debug|x64
		{11861877-7F6B-4566-8B82-ABB5452D5069}.Debug|x64.Build.0 = Debug|x64
		{11861877-7F6B-4566-8B82-ABB5452D5069}.Debug|x64.Deploy.0 = Debug|x64
		{11861877-7F6B-4566-8B82-ABB5452D5069}.Debug|x86.ActiveCfg = Debug|x86
		{11861877-7F6B-4566-8B82-ABB5452D5069}.Debug|x86.Build.0 = Debug|x86
		{11861877-7F6B-4566-8B82-ABB5452D5069}.Debug|x86.Deploy.0 = Debug|x86
		{11861877-7F6B-4566-8B82-ABB5452D5069}.Release|Any CPU.ActiveCfg = Release|x86
		{11861877-7F6B-4566-8B82-ABB5452D5069}.Release|Any CPU.Build.0 = Release|x86
		{11861877-7F6B-4566-8B82-ABB5452D5069}.Release|Any CPU.Deploy.0 = Release|x86
		{11861877-7F6B-4566-8B82-ABB5452D5069}.Release|ARM.ActiveCfg = Release|ARM
		{11861877-7F6B-4566-8B82-ABB5452D5069}.Release|ARM.Build.0 = Release|ARM
		{11861877-7F6B-4566-8B82-ABB5452D5069}.Release|ARM.Deploy.0 = Release|ARM
		{11861877-7F6B-4566-8B82-ABB5452D5069}.Release|x64.ActiveCfg = Release|x64
		{11861877-7F6B-4566-8B82-ABB5452D5069}.Release|x64.Build.0 = Release|x64
		{11861877-7F6B-4566-8B82-ABB5452D5069}.Release|x64.Deploy.0 = Release|x64
		{11861877-7F6B-4566-8B82-ABB5452D5069}.Release|x86.ActiveCfg = Release|x86
		{11861877-7F6B-4566-8B82-ABB5452D5069}.Release|x86.Build.0 = Release|x86
		{11861877-7F6B-4566-8B82-ABB5452D5069}.Release|x86.Deploy.0 = Release|x86
		{33A4C60E-C55B-41FE-890B-E9D19452A971}.Debug|Any CPU.ActiveCfg = Debug|Any CPU
		{33A4C60E-C55B-41FE-890B-E9D19452A971}.Debug|Any CPU.Build.0 = Debug|Any CPU
		{33A4C60E-C55B-41FE-890B-E9D19452A971}.Debug|Any CPU.Deploy.0 = Debug|Any CPU
		{33A4C60E-C55B-41FE-890B-E9D19452A971}.Debug|ARM.ActiveCfg = Debug|Any CPU
		{33A4C60E-C55B-41FE-890B-E9D19452A971}.Debug|ARM.Build.0 = Debug|Any CPU
		{33A4C60E-C55B-41FE-890B-E9D19452A971}.Debug|ARM.Deploy.0 = Debug|Any CPU
		{33A4C60E-C55B-41FE-890B-E9D19452A971}.Debug|x64.ActiveCfg = Debug|Any CPU
		{33A4C60E-C55B-41FE-890B-E9D19452A971}.Debug|x64.Build.0 = Debug|Any CPU
		{33A4C60E-C55B-41FE-890B-E9D19452A971}.Debug|x64.Deploy.0 = Debug|Any CPU
		{33A4C60E-C55B-41FE-890B-E9D19452A971}.Debug|x86.ActiveCfg = Debug|Any CPU
		{33A4C60E-C55B-41FE-890B-E9D19452A971}.Debug|x86.Build.0 = Debug|Any CPU
		{33A4C60E-C55B-41FE-890B-E9D19452A971}.Debug|x86.Deploy.0 = Debug|Any CPU
		{33A4C60E-C55B-41FE-890B-E9D19452A971}.Release|Any CPU.ActiveCfg = Release|Any CPU
		{33A4C60E-C55B-41FE-890B-E9D19452A971}.Release|Any CPU.Build.0 = Release|Any CPU
		{33A4C60E-C55B-41FE-890B-E9D19452A971}.Release|Any CPU.Deploy.0 = Release|Any CPU
		{33A4C60E-C55B-41FE-890B-E9D19452A971}.Release|ARM.ActiveCfg = Release|Any CPU
		{33A4C60E-C55B-41FE-890B-E9D19452A971}.Release|ARM.Build.0 = Release|Any CPU
		{33A4C60E-C55B-41FE-890B-E9D19452A971}.Release|ARM.Deploy.0 = Release|Any CPU
		{33A4C60E-C55B-41FE-890B-E9D19452A971}.Release|x64.ActiveCfg = Release|Any CPU
		{33A4C60E-C55B-41FE-890B-E9D19452A971}.Release|x64.Build.0 = Release|Any CPU
		{33A4C60E-C55B-41FE-890B-E9D19452A971}.Release|x64.Deploy.0 = Release|Any CPU
		{33A4C60E-C55B-41FE-890B-E9D19452A971}.Release|x86.ActiveCfg = Release|Any CPU
		{33A4C60E-C55B-41FE-890B-E9D19452A971}.Release|x86.Build.0 = Release|Any CPU
		{33A4C60E-C55B-41FE-890B-E9D19452A971}.Release|x86.Deploy.0 = Release|Any CPU
	EndGlobalSection
	GlobalSection(SolutionProperties) = preSolution
		HideSolutionNode = FALSE
	EndGlobalSection
	GlobalSection(ExtensibilityGlobals) = postSolution
		SolutionGuid = {44F77D31-1235-406A-A198-26CA5A17DB5C}
	EndGlobalSection
EndGlobal
